
Microsoft Visual Studio Solution File, Format Version 12.00
# Visual Studio Version 17
VisualStudioVersion = 17.0.31903.59
MinimumVisualStudioVersion = 10.0.40219.1
Project("{2150E333-8FDC-42A3-9474-1A3956D46DE8}") = "src", "src", "{E8BB8D03-1FE0-4CC1-82DC-0AB0DF0F40E2}"
EndProject
Project("{2150E333-8FDC-42A3-9474-1A3956D46DE8}") = "Cadastre", "Cadastre", "{02BF424B-2FFC-4EAD-9B8E-B2BB6ED47BF9}"
EndProject
Project("{9A19103F-16F7-4668-BE54-9A1E7A4F7556}") = "Cadastre.Presentation", "src\Cadastre\Cadastre.Presentation\Cadastre.Presentation.csproj", "{67288FD0-1D37-4316-B2D2-87E1957178D8}"
EndProject
Project("{9A19103F-16F7-4668-BE54-9A1E7A4F7556}") = "Cadastre.Application", "src\Cadastre\Cadastre.Application\Cadastre.Application.csproj", "{080310FF-B7F5-4518-95C6-CF729355229C}"
EndProject
Project("{9A19103F-16F7-4668-BE54-9A1E7A4F7556}") = "Cadastre.Domain", "src\Cadastre\Cadastre.Domain\Cadastre.Domain.csproj", "{05106EB6-2DE2-4D6B-B181-07A08587CB5E}"
EndProject
Project("{9A19103F-16F7-4668-BE54-9A1E7A4F7556}") = "Cadastre.Infrastructure", "src\Cadastre\Cadastre.Infrastructure\Cadastre.Infrastructure.csproj", "{C46487C0-7DEC-436A-AD18-FA51E2E12364}"
EndProject
Project("{2150E333-8FDC-42A3-9474-1A3956D46DE8}") = "Accommodation", "Accommodation", "{0037C558-986C-406D-94E2-C10724508BF6}"
EndProject
Project("{9A19103F-16F7-4668-BE54-9A1E7A4F7556}") = "Accommodation.Infrastructure", "src\Accommodation\Accommodation.Infrastructure\Accommodation.Infrastructure.csproj", "{703EB78A-6817-4299-8A69-E2FEA75090BB}"
EndProject
Project("{9A19103F-16F7-4668-BE54-9A1E7A4F7556}") = "Accommodation.Domain", "src\Accommodation\Accommodation.Domain\Accommodation.Domain.csproj", "{2025E7EE-DD36-4306-A768-34ED8219C8FE}"
EndProject
Project("{9A19103F-16F7-4668-BE54-9A1E7A4F7556}") = "Accommodation.Application", "src\Accommodation\Accommodation.Application\Accommodation.Application.csproj", "{CEBB0941-220D-4EA6-9287-D2DCA549E14E}"
EndProject
Project("{9A19103F-16F7-4668-BE54-9A1E7A4F7556}") = "Accommodation.Presentation", "src\Accommodation\Accommodation.Presentation\Accommodation.Presentation.csproj", "{02AE962B-6445-4315-9481-AAC3D8A15A90}"
EndProject
Project("{2150E333-8FDC-42A3-9474-1A3956D46DE8}") = "Hospital", "Hospital", "{A0C2211D-DFDE-4EC6-82F4-2A3C5760613E}"
EndProject
Project("{9A19103F-16F7-4668-BE54-9A1E7A4F7556}") = "Hospital.Presentation", "src\Hospital\Hospital.Presentation\Hospital.Presentation.csproj", "{299E026E-E409-45B9-BA0F-4D533D202066}"
EndProject
Project("{9A19103F-16F7-4668-BE54-9A1E7A4F7556}") = "Hospital.Application", "src\Hospital\Hospital.Application\Hospital.Application.csproj", "{926E9E49-E2D8-4D73-9C11-F27AE8A9CFE2}"
EndProject
Project("{9A19103F-16F7-4668-BE54-9A1E7A4F7556}") = "Hospital.Domain", "src\Hospital\Hospital.Domain\Hospital.Domain.csproj", "{35608938-3C92-4198-983E-5E67AB66AA9F}"
EndProject
Project("{9A19103F-16F7-4668-BE54-9A1E7A4F7556}") = "Hospital.Infrastructure", "src\Hospital\Hospital.Infrastructure\Hospital.Infrastructure.csproj", "{01A0597D-B5C0-4DA7-A455-42E4785C7674}"
EndProject
Project("{2150E333-8FDC-42A3-9474-1A3956D46DE8}") = "GameClub", "GameClub", "{5317ADDE-9057-4D71-9267-94B418E286A4}"
EndProject
Project("{9A19103F-16F7-4668-BE54-9A1E7A4F7556}") = "GameClub.Domain", "src\GameClub\GameClub.Domain\GameClub.Domain.csproj", "{0AD87F27-C8B2-4C35-824E-0B1ECF7CCA9D}"
EndProject
Project("{9A19103F-16F7-4668-BE54-9A1E7A4F7556}") = "GameClub.Application", "src\GameClub\GameClub.Application\GameClub.Application.csproj", "{118F5001-C6AD-45F2-98BA-9651BBB0E0B0}"
EndProject
Project("{9A19103F-16F7-4668-BE54-9A1E7A4F7556}") = "GameClub.Infrastructure", "src\GameClub\GameClub.Infrastructure\GameClub.Infrastructure.csproj", "{2DD1F008-8E7D-4CFC-AC2B-8E9CA1D8B628}"
EndProject
Project("{9A19103F-16F7-4668-BE54-9A1E7A4F7556}") = "GameClub.Presentation", "src\GameClub\GameClub.Presentation\GameClub.Presentation.csproj", "{93EF067A-07DA-4082-A382-C0E40B34FFB1}"
EndProject
Project("{2150E333-8FDC-42A3-9474-1A3956D46DE8}") = "Gateway", "Gateway", "{97EF4921-7E06-46BF-94C6-0711DE9D6068}"
EndProject
Project("{9A19103F-16F7-4668-BE54-9A1E7A4F7556}") = "Gateway.API", "src\Gateway\Gateway.API\Gateway.API.csproj", "{E1904E46-E5CE-4B0E-816B-E7D5F5190A57}"
EndProject
Project("{E53339B2-1760-4266-BCC7-CA923CBCF16C}") = "docker-compose", "docker-compose.dcproj", "{754A1675-7332-4F5A-B79F-8803C4439D13}"
EndProject
Project("{2150E333-8FDC-42A3-9474-1A3956D46DE8}") = "JWT", "JWT", "{9242EC40-799A-4D33-A6BB-FD4B0A6ACF50}"
EndProject
Project("{FAE04EC0-301F-11D3-BF4B-00C04F79EFBC}") = "Common.JWT.API", "src\JWT\Common.JWT.API\Common.JWT.API.csproj", "{0194703F-158F-454D-85B5-D3B01B4EFF7A}"
EndProject
Global
	GlobalSection(SolutionConfigurationPlatforms) = preSolution
		Debug|Any CPU = Debug|Any CPU
		Release|Any CPU = Release|Any CPU
	EndGlobalSection
	GlobalSection(ProjectConfigurationPlatforms) = postSolution
		{67288FD0-1D37-4316-B2D2-87E1957178D8}.Debug|Any CPU.ActiveCfg = Debug|Any CPU
		{67288FD0-1D37-4316-B2D2-87E1957178D8}.Debug|Any CPU.Build.0 = Debug|Any CPU
		{67288FD0-1D37-4316-B2D2-87E1957178D8}.Release|Any CPU.ActiveCfg = Release|Any CPU
		{67288FD0-1D37-4316-B2D2-87E1957178D8}.Release|Any CPU.Build.0 = Release|Any CPU
		{080310FF-B7F5-4518-95C6-CF729355229C}.Debug|Any CPU.ActiveCfg = Debug|Any CPU
		{080310FF-B7F5-4518-95C6-CF729355229C}.Debug|Any CPU.Build.0 = Debug|Any CPU
		{080310FF-B7F5-4518-95C6-CF729355229C}.Release|Any CPU.ActiveCfg = Release|Any CPU
		{080310FF-B7F5-4518-95C6-CF729355229C}.Release|Any CPU.Build.0 = Release|Any CPU
		{05106EB6-2DE2-4D6B-B181-07A08587CB5E}.Debug|Any CPU.ActiveCfg = Debug|Any CPU
		{05106EB6-2DE2-4D6B-B181-07A08587CB5E}.Debug|Any CPU.Build.0 = Debug|Any CPU
		{05106EB6-2DE2-4D6B-B181-07A08587CB5E}.Release|Any CPU.ActiveCfg = Release|Any CPU
		{05106EB6-2DE2-4D6B-B181-07A08587CB5E}.Release|Any CPU.Build.0 = Release|Any CPU
		{C46487C0-7DEC-436A-AD18-FA51E2E12364}.Debug|Any CPU.ActiveCfg = Debug|Any CPU
		{C46487C0-7DEC-436A-AD18-FA51E2E12364}.Debug|Any CPU.Build.0 = Debug|Any CPU
		{C46487C0-7DEC-436A-AD18-FA51E2E12364}.Release|Any CPU.ActiveCfg = Release|Any CPU
		{C46487C0-7DEC-436A-AD18-FA51E2E12364}.Release|Any CPU.Build.0 = Release|Any CPU
		{703EB78A-6817-4299-8A69-E2FEA75090BB}.Debug|Any CPU.ActiveCfg = Debug|Any CPU
		{703EB78A-6817-4299-8A69-E2FEA75090BB}.Debug|Any CPU.Build.0 = Debug|Any CPU
		{703EB78A-6817-4299-8A69-E2FEA75090BB}.Release|Any CPU.ActiveCfg = Release|Any CPU
		{703EB78A-6817-4299-8A69-E2FEA75090BB}.Release|Any CPU.Build.0 = Release|Any CPU
		{2025E7EE-DD36-4306-A768-34ED8219C8FE}.Debug|Any CPU.ActiveCfg = Debug|Any CPU
		{2025E7EE-DD36-4306-A768-34ED8219C8FE}.Debug|Any CPU.Build.0 = Debug|Any CPU
		{2025E7EE-DD36-4306-A768-34ED8219C8FE}.Release|Any CPU.ActiveCfg = Release|Any CPU
		{2025E7EE-DD36-4306-A768-34ED8219C8FE}.Release|Any CPU.Build.0 = Release|Any CPU
		{CEBB0941-220D-4EA6-9287-D2DCA549E14E}.Debug|Any CPU.ActiveCfg = Debug|Any CPU
		{CEBB0941-220D-4EA6-9287-D2DCA549E14E}.Debug|Any CPU.Build.0 = Debug|Any CPU
		{CEBB0941-220D-4EA6-9287-D2DCA549E14E}.Release|Any CPU.ActiveCfg = Release|Any CPU
		{CEBB0941-220D-4EA6-9287-D2DCA549E14E}.Release|Any CPU.Build.0 = Release|Any CPU
		{02AE962B-6445-4315-9481-AAC3D8A15A90}.Debug|Any CPU.ActiveCfg = Debug|Any CPU
		{02AE962B-6445-4315-9481-AAC3D8A15A90}.Debug|Any CPU.Build.0 = Debug|Any CPU
		{02AE962B-6445-4315-9481-AAC3D8A15A90}.Release|Any CPU.ActiveCfg = Release|Any CPU
		{02AE962B-6445-4315-9481-AAC3D8A15A90}.Release|Any CPU.Build.0 = Release|Any CPU
		{299E026E-E409-45B9-BA0F-4D533D202066}.Debug|Any CPU.ActiveCfg = Debug|Any CPU
		{299E026E-E409-45B9-BA0F-4D533D202066}.Debug|Any CPU.Build.0 = Debug|Any CPU
		{299E026E-E409-45B9-BA0F-4D533D202066}.Release|Any CPU.ActiveCfg = Release|Any CPU
		{299E026E-E409-45B9-BA0F-4D533D202066}.Release|Any CPU.Build.0 = Release|Any CPU
		{926E9E49-E2D8-4D73-9C11-F27AE8A9CFE2}.Debug|Any CPU.ActiveCfg = Debug|Any CPU
		{926E9E49-E2D8-4D73-9C11-F27AE8A9CFE2}.Debug|Any CPU.Build.0 = Debug|Any CPU
		{926E9E49-E2D8-4D73-9C11-F27AE8A9CFE2}.Release|Any CPU.ActiveCfg = Release|Any CPU
		{926E9E49-E2D8-4D73-9C11-F27AE8A9CFE2}.Release|Any CPU.Build.0 = Release|Any CPU
		{35608938-3C92-4198-983E-5E67AB66AA9F}.Debug|Any CPU.ActiveCfg = Debug|Any CPU
		{35608938-3C92-4198-983E-5E67AB66AA9F}.Debug|Any CPU.Build.0 = Debug|Any CPU
		{35608938-3C92-4198-983E-5E67AB66AA9F}.Release|Any CPU.ActiveCfg = Release|Any CPU
		{35608938-3C92-4198-983E-5E67AB66AA9F}.Release|Any CPU.Build.0 = Release|Any CPU
		{01A0597D-B5C0-4DA7-A455-42E4785C7674}.Debug|Any CPU.ActiveCfg = Debug|Any CPU
		{01A0597D-B5C0-4DA7-A455-42E4785C7674}.Debug|Any CPU.Build.0 = Debug|Any CPU
		{01A0597D-B5C0-4DA7-A455-42E4785C7674}.Release|Any CPU.ActiveCfg = Release|Any CPU
		{01A0597D-B5C0-4DA7-A455-42E4785C7674}.Release|Any CPU.Build.0 = Release|Any CPU
		{0AD87F27-C8B2-4C35-824E-0B1ECF7CCA9D}.Debug|Any CPU.ActiveCfg = Debug|Any CPU
		{0AD87F27-C8B2-4C35-824E-0B1ECF7CCA9D}.Debug|Any CPU.Build.0 = Debug|Any CPU
		{0AD87F27-C8B2-4C35-824E-0B1ECF7CCA9D}.Release|Any CPU.ActiveCfg = Release|Any CPU
		{0AD87F27-C8B2-4C35-824E-0B1ECF7CCA9D}.Release|Any CPU.Build.0 = Release|Any CPU
		{118F5001-C6AD-45F2-98BA-9651BBB0E0B0}.Debug|Any CPU.ActiveCfg = Debug|Any CPU
		{118F5001-C6AD-45F2-98BA-9651BBB0E0B0}.Debug|Any CPU.Build.0 = Debug|Any CPU
		{118F5001-C6AD-45F2-98BA-9651BBB0E0B0}.Release|Any CPU.ActiveCfg = Release|Any CPU
		{118F5001-C6AD-45F2-98BA-9651BBB0E0B0}.Release|Any CPU.Build.0 = Release|Any CPU
		{2DD1F008-8E7D-4CFC-AC2B-8E9CA1D8B628}.Debug|Any CPU.ActiveCfg = Debug|Any CPU
		{2DD1F008-8E7D-4CFC-AC2B-8E9CA1D8B628}.Debug|Any CPU.Build.0 = Debug|Any CPU
		{2DD1F008-8E7D-4CFC-AC2B-8E9CA1D8B628}.Release|Any CPU.ActiveCfg = Release|Any CPU
		{2DD1F008-8E7D-4CFC-AC2B-8E9CA1D8B628}.Release|Any CPU.Build.0 = Release|Any CPU
		{93EF067A-07DA-4082-A382-C0E40B34FFB1}.Debug|Any CPU.ActiveCfg = Debug|Any CPU
		{93EF067A-07DA-4082-A382-C0E40B34FFB1}.Debug|Any CPU.Build.0 = Debug|Any CPU
		{93EF067A-07DA-4082-A382-C0E40B34FFB1}.Release|Any CPU.ActiveCfg = Release|Any CPU
		{93EF067A-07DA-4082-A382-C0E40B34FFB1}.Release|Any CPU.Build.0 = Release|Any CPU
		{E1904E46-E5CE-4B0E-816B-E7D5F5190A57}.Debug|Any CPU.ActiveCfg = Debug|Any CPU
		{E1904E46-E5CE-4B0E-816B-E7D5F5190A57}.Debug|Any CPU.Build.0 = Debug|Any CPU
		{E1904E46-E5CE-4B0E-816B-E7D5F5190A57}.Release|Any CPU.ActiveCfg = Release|Any CPU
		{E1904E46-E5CE-4B0E-816B-E7D5F5190A57}.Release|Any CPU.Build.0 = Release|Any CPU
		{754A1675-7332-4F5A-B79F-8803C4439D13}.Debug|Any CPU.ActiveCfg = Debug|Any CPU
		{754A1675-7332-4F5A-B79F-8803C4439D13}.Debug|Any CPU.Build.0 = Debug|Any CPU
		{754A1675-7332-4F5A-B79F-8803C4439D13}.Release|Any CPU.ActiveCfg = Release|Any CPU
		{754A1675-7332-4F5A-B79F-8803C4439D13}.Release|Any CPU.Build.0 = Release|Any CPU
		{0194703F-158F-454D-85B5-D3B01B4EFF7A}.Debug|Any CPU.ActiveCfg = Debug|Any CPU
		{0194703F-158F-454D-85B5-D3B01B4EFF7A}.Debug|Any CPU.Build.0 = Debug|Any CPU
		{0194703F-158F-454D-85B5-D3B01B4EFF7A}.Release|Any CPU.ActiveCfg = Release|Any CPU
		{0194703F-158F-454D-85B5-D3B01B4EFF7A}.Release|Any CPU.Build.0 = Release|Any CPU
	EndGlobalSection
	GlobalSection(SolutionProperties) = preSolution
		HideSolutionNode = FALSE
	EndGlobalSection
	GlobalSection(NestedProjects) = preSolution
		{02BF424B-2FFC-4EAD-9B8E-B2BB6ED47BF9} = {E8BB8D03-1FE0-4CC1-82DC-0AB0DF0F40E2}
		{67288FD0-1D37-4316-B2D2-87E1957178D8} = {02BF424B-2FFC-4EAD-9B8E-B2BB6ED47BF9}
		{080310FF-B7F5-4518-95C6-CF729355229C} = {02BF424B-2FFC-4EAD-9B8E-B2BB6ED47BF9}
		{05106EB6-2DE2-4D6B-B181-07A08587CB5E} = {02BF424B-2FFC-4EAD-9B8E-B2BB6ED47BF9}
		{C46487C0-7DEC-436A-AD18-FA51E2E12364} = {02BF424B-2FFC-4EAD-9B8E-B2BB6ED47BF9}
		{0037C558-986C-406D-94E2-C10724508BF6} = {E8BB8D03-1FE0-4CC1-82DC-0AB0DF0F40E2}
		{703EB78A-6817-4299-8A69-E2FEA75090BB} = {0037C558-986C-406D-94E2-C10724508BF6}
		{2025E7EE-DD36-4306-A768-34ED8219C8FE} = {0037C558-986C-406D-94E2-C10724508BF6}
		{CEBB0941-220D-4EA6-9287-D2DCA549E14E} = {0037C558-986C-406D-94E2-C10724508BF6}
		{02AE962B-6445-4315-9481-AAC3D8A15A90} = {0037C558-986C-406D-94E2-C10724508BF6}
		{A0C2211D-DFDE-4EC6-82F4-2A3C5760613E} = {E8BB8D03-1FE0-4CC1-82DC-0AB0DF0F40E2}
		{299E026E-E409-45B9-BA0F-4D533D202066} = {A0C2211D-DFDE-4EC6-82F4-2A3C5760613E}
		{926E9E49-E2D8-4D73-9C11-F27AE8A9CFE2} = {A0C2211D-DFDE-4EC6-82F4-2A3C5760613E}
		{35608938-3C92-4198-983E-5E67AB66AA9F} = {A0C2211D-DFDE-4EC6-82F4-2A3C5760613E}
		{01A0597D-B5C0-4DA7-A455-42E4785C7674} = {A0C2211D-DFDE-4EC6-82F4-2A3C5760613E}
		{5317ADDE-9057-4D71-9267-94B418E286A4} = {E8BB8D03-1FE0-4CC1-82DC-0AB0DF0F40E2}
		{0AD87F27-C8B2-4C35-824E-0B1ECF7CCA9D} = {5317ADDE-9057-4D71-9267-94B418E286A4}
		{118F5001-C6AD-45F2-98BA-9651BBB0E0B0} = {5317ADDE-9057-4D71-9267-94B418E286A4}
		{2DD1F008-8E7D-4CFC-AC2B-8E9CA1D8B628} = {5317ADDE-9057-4D71-9267-94B418E286A4}
		{93EF067A-07DA-4082-A382-C0E40B34FFB1} = {5317ADDE-9057-4D71-9267-94B418E286A4}
		{97EF4921-7E06-46BF-94C6-0711DE9D6068} = {E8BB8D03-1FE0-4CC1-82DC-0AB0DF0F40E2}
		{E1904E46-E5CE-4B0E-816B-E7D5F5190A57} = {97EF4921-7E06-46BF-94C6-0711DE9D6068}
		{9242EC40-799A-4D33-A6BB-FD4B0A6ACF50} = {E8BB8D03-1FE0-4CC1-82DC-0AB0DF0F40E2}
		{0194703F-158F-454D-85B5-D3B01B4EFF7A} = {9242EC40-799A-4D33-A6BB-FD4B0A6ACF50}
	EndGlobalSection
	GlobalSection(ExtensibilityGlobals) = postSolution
		SolutionGuid = {D07A9583-9A4F-490B-A2D7-45E3DCE19BCB}
	EndGlobalSection
EndGlobal
